// !$*UTF8*$!
{
	archiveVersion = 1;
	classes = {
	};
	objectVersion = 55;
	objects = {

/* Begin PBXBuildFile section */
		83101B6D270A16E5007D089E /* EditView.swift in Sources */ = {isa = PBXBuildFile; fileRef = 83101B6C270A16E5007D089E /* EditView.swift */; };
		83101B6F270A3EFD007D089E /* MeetingHeaderView.swift in Sources */ = {isa = PBXBuildFile; fileRef = 83101B6E270A3EFD007D089E /* MeetingHeaderView.swift */; };
		83966F5427086AD0000E7EBC /* ScrumdingerApp.swift in Sources */ = {isa = PBXBuildFile; fileRef = 83966F5327086AD0000E7EBC /* ScrumdingerApp.swift */; };
		83966F5627086AD0000E7EBC /* MeetingView.swift in Sources */ = {isa = PBXBuildFile; fileRef = 83966F5527086AD0000E7EBC /* MeetingView.swift */; };
		83966F5827086AD1000E7EBC /* Assets.xcassets in Resources */ = {isa = PBXBuildFile; fileRef = 83966F5727086AD1000E7EBC /* Assets.xcassets */; };
		83966F5B27086AD1000E7EBC /* Preview Assets.xcassets in Resources */ = {isa = PBXBuildFile; fileRef = 83966F5A27086AD1000E7EBC /* Preview Assets.xcassets */; };
		83966F6527086AD1000E7EBC /* ScrumdingerTests.swift in Sources */ = {isa = PBXBuildFile; fileRef = 83966F6427086AD1000E7EBC /* ScrumdingerTests.swift */; };
		83966F6F27086AD1000E7EBC /* ScrumdingerUITests.swift in Sources */ = {isa = PBXBuildFile; fileRef = 83966F6E27086AD1000E7EBC /* ScrumdingerUITests.swift */; };
		83966F7127086AD1000E7EBC /* ScrumdingerUITestsLaunchTests.swift in Sources */ = {isa = PBXBuildFile; fileRef = 83966F7027086AD1000E7EBC /* ScrumdingerUITestsLaunchTests.swift */; };
		83966F7E2709D140000E7EBC /* DailyScrum.swift in Sources */ = {isa = PBXBuildFile; fileRef = 83966F7D2709D140000E7EBC /* DailyScrum.swift */; };
		83966F802709D58C000E7EBC /* CardView.swift in Sources */ = {isa = PBXBuildFile; fileRef = 83966F7F2709D58C000E7EBC /* CardView.swift */; };
		83966F862709DC52000E7EBC /* Color+Codable.swift in Sources */ = {isa = PBXBuildFile; fileRef = 83966F852709DC52000E7EBC /* Color+Codable.swift */; };
		83966F882709EDC3000E7EBC /* ScrumsView.swift in Sources */ = {isa = PBXBuildFile; fileRef = 83966F872709EDC3000E7EBC /* ScrumsView.swift */; };
		83966F8A270A05CD000E7EBC /* DetailView.swift in Sources */ = {isa = PBXBuildFile; fileRef = 83966F89270A05CD000E7EBC /* DetailView.swift */; };
		83F7D0BA270B4F8600CEE66A /* ScrumProgressViewStyle.swift in Sources */ = {isa = PBXBuildFile; fileRef = 83F7D0B9270B4F8600CEE66A /* ScrumProgressViewStyle.swift */; };
		83F7D0BC270B573A00CEE66A /* ScrumTimer.swift in Sources */ = {isa = PBXBuildFile; fileRef = 83F7D0BB270B573A00CEE66A /* ScrumTimer.swift */; };
		83F7D0BE270B5C1F00CEE66A /* MeetingFooterView.swift in Sources */ = {isa = PBXBuildFile; fileRef = 83F7D0BD270B5C1F00CEE66A /* MeetingFooterView.swift */; };
/* End PBXBuildFile section */

/* Begin PBXContainerItemProxy section */
		83966F6127086AD1000E7EBC /* PBXContainerItemProxy */ = {
			isa = PBXContainerItemProxy;
			containerPortal = 83966F4827086AD0000E7EBC /* Project object */;
			proxyType = 1;
			remoteGlobalIDString = 83966F4F27086AD0000E7EBC;
			remoteInfo = Scrumdinger;
		};
		83966F6B27086AD1000E7EBC /* PBXContainerItemProxy */ = {
			isa = PBXContainerItemProxy;
			containerPortal = 83966F4827086AD0000E7EBC /* Project object */;
			proxyType = 1;
			remoteGlobalIDString = 83966F4F27086AD0000E7EBC;
			remoteInfo = Scrumdinger;
		};
/* End PBXContainerItemProxy section */

/* Begin PBXFileReference section */
		83101B6C270A16E5007D089E /* EditView.swift */ = {isa = PBXFileReference; lastKnownFileType = sourcecode.swift; path = EditView.swift; sourceTree = "<group>"; };
		83101B6E270A3EFD007D089E /* MeetingHeaderView.swift */ = {isa = PBXFileReference; lastKnownFileType = sourcecode.swift; path = MeetingHeaderView.swift; sourceTree = "<group>"; };
		83966F5027086AD0000E7EBC /* Scrumdinger.app */ = {isa = PBXFileReference; explicitFileType = wrapper.application; includeInIndex = 0; path = Scrumdinger.app; sourceTree = BUILT_PRODUCTS_DIR; };
		83966F5327086AD0000E7EBC /* ScrumdingerApp.swift */ = {isa = PBXFileReference; lastKnownFileType = sourcecode.swift; path = ScrumdingerApp.swift; sourceTree = "<group>"; };
		83966F5527086AD0000E7EBC /* MeetingView.swift */ = {isa = PBXFileReference; lastKnownFileType = sourcecode.swift; path = MeetingView.swift; sourceTree = "<group>"; };
		83966F5727086AD1000E7EBC /* Assets.xcassets */ = {isa = PBXFileReference; lastKnownFileType = folder.assetcatalog; path = Assets.xcassets; sourceTree = "<group>"; };
		83966F5A27086AD1000E7EBC /* Preview Assets.xcassets */ = {isa = PBXFileReference; lastKnownFileType = folder.assetcatalog; path = "Preview Assets.xcassets"; sourceTree = "<group>"; };
		83966F6027086AD1000E7EBC /* ScrumdingerTests.xctest */ = {isa = PBXFileReference; explicitFileType = wrapper.cfbundle; includeInIndex = 0; path = ScrumdingerTests.xctest; sourceTree = BUILT_PRODUCTS_DIR; };
		83966F6427086AD1000E7EBC /* ScrumdingerTests.swift */ = {isa = PBXFileReference; lastKnownFileType = sourcecode.swift; path = ScrumdingerTests.swift; sourceTree = "<group>"; };
		83966F6A27086AD1000E7EBC /* ScrumdingerUITests.xctest */ = {isa = PBXFileReference; explicitFileType = wrapper.cfbundle; includeInIndex = 0; path = ScrumdingerUITests.xctest; sourceTree = BUILT_PRODUCTS_DIR; };
		83966F6E27086AD1000E7EBC /* ScrumdingerUITests.swift */ = {isa = PBXFileReference; lastKnownFileType = sourcecode.swift; path = ScrumdingerUITests.swift; sourceTree = "<group>"; };
		83966F7027086AD1000E7EBC /* ScrumdingerUITestsLaunchTests.swift */ = {isa = PBXFileReference; lastKnownFileType = sourcecode.swift; path = ScrumdingerUITestsLaunchTests.swift; sourceTree = "<group>"; };
		83966F7D2709D140000E7EBC /* DailyScrum.swift */ = {isa = PBXFileReference; lastKnownFileType = sourcecode.swift; path = DailyScrum.swift; sourceTree = "<group>"; };
		83966F7F2709D58C000E7EBC /* CardView.swift */ = {isa = PBXFileReference; lastKnownFileType = sourcecode.swift; path = CardView.swift; sourceTree = "<group>"; };
		83966F852709DC52000E7EBC /* Color+Codable.swift */ = {isa = PBXFileReference; fileEncoding = 4; lastKnownFileType = sourcecode.swift; path = "Color+Codable.swift"; sourceTree = "<group>"; };
		83966F872709EDC3000E7EBC /* ScrumsView.swift */ = {isa = PBXFileReference; lastKnownFileType = sourcecode.swift; path = ScrumsView.swift; sourceTree = "<group>"; };
		83966F89270A05CD000E7EBC /* DetailView.swift */ = {isa = PBXFileReference; lastKnownFileType = sourcecode.swift; path = DetailView.swift; sourceTree = "<group>"; };
		83F7D0B9270B4F8600CEE66A /* ScrumProgressViewStyle.swift */ = {isa = PBXFileReference; fileEncoding = 4; lastKnownFileType = sourcecode.swift; path = ScrumProgressViewStyle.swift; sourceTree = "<group>"; };
		83F7D0BB270B573A00CEE66A /* ScrumTimer.swift */ = {isa = PBXFileReference; fileEncoding = 4; lastKnownFileType = sourcecode.swift; path = ScrumTimer.swift; sourceTree = "<group>"; };
		83F7D0BD270B5C1F00CEE66A /* MeetingFooterView.swift */ = {isa = PBXFileReference; lastKnownFileType = sourcecode.swift; path = MeetingFooterView.swift; sourceTree = "<group>"; };
/* End PBXFileReference section */

/* Begin PBXFrameworksBuildPhase section */
		83966F4D27086AD0000E7EBC /* Frameworks */ = {
			isa = PBXFrameworksBuildPhase;
			buildActionMask = 2147483647;
			files = (
			);
			runOnlyForDeploymentPostprocessing = 0;
		};
		83966F5D27086AD1000E7EBC /* Frameworks */ = {
			isa = PBXFrameworksBuildPhase;
			buildActionMask = 2147483647;
			files = (
			);
			runOnlyForDeploymentPostprocessing = 0;
		};
		83966F6727086AD1000E7EBC /* Frameworks */ = {
			isa = PBXFrameworksBuildPhase;
			buildActionMask = 2147483647;
			files = (
			);
			runOnlyForDeploymentPostprocessing = 0;
		};
/* End PBXFrameworksBuildPhase section */

/* Begin PBXGroup section */
		83966F4727086AD0000E7EBC = {
			isa = PBXGroup;
			children = (
				83966F5227086AD0000E7EBC /* Scrumdinger */,
				83966F6327086AD1000E7EBC /* ScrumdingerTests */,
				83966F6D27086AD1000E7EBC /* ScrumdingerUITests */,
				83966F5127086AD0000E7EBC /* Products */,
			);
			sourceTree = "<group>";
		};
		83966F5127086AD0000E7EBC /* Products */ = {
			isa = PBXGroup;
			children = (
				83966F5027086AD0000E7EBC /* Scrumdinger.app */,
				83966F6027086AD1000E7EBC /* ScrumdingerTests.xctest */,
				83966F6A27086AD1000E7EBC /* ScrumdingerUITests.xctest */,
			);
			name = Products;
			sourceTree = "<group>";
		};
		83966F5227086AD0000E7EBC /* Scrumdinger */ = {
			isa = PBXGroup;
			children = (
				83F7D0B9270B4F8600CEE66A /* ScrumProgressViewStyle.swift */,
				83966F842709DBFB000E7EBC /* Models */,
				83966F5327086AD0000E7EBC /* ScrumdingerApp.swift */,
				83101B6C270A16E5007D089E /* EditView.swift */,
				83966F5527086AD0000E7EBC /* MeetingView.swift */,
				83F7D0BD270B5C1F00CEE66A /* MeetingFooterView.swift */,
				83101B6E270A3EFD007D089E /* MeetingHeaderView.swift */,
				83966F7F2709D58C000E7EBC /* CardView.swift */,
				83966F872709EDC3000E7EBC /* ScrumsView.swift */,
				83966F89270A05CD000E7EBC /* DetailView.swift */,
				83966F5727086AD1000E7EBC /* Assets.xcassets */,
				83966F5927086AD1000E7EBC /* Preview Content */,
			);
			path = Scrumdinger;
			sourceTree = "<group>";
		};
		83966F5927086AD1000E7EBC /* Preview Content */ = {
			isa = PBXGroup;
			children = (
				83966F5A27086AD1000E7EBC /* Preview Assets.xcassets */,
			);
			path = "Preview Content";
			sourceTree = "<group>";
		};
		83966F6327086AD1000E7EBC /* ScrumdingerTests */ = {
			isa = PBXGroup;
			children = (
				83966F6427086AD1000E7EBC /* ScrumdingerTests.swift */,
			);
			path = ScrumdingerTests;
			sourceTree = "<group>";
		};
		83966F6D27086AD1000E7EBC /* ScrumdingerUITests */ = {
			isa = PBXGroup;
			children = (
				83966F6E27086AD1000E7EBC /* ScrumdingerUITests.swift */,
				83966F7027086AD1000E7EBC /* ScrumdingerUITestsLaunchTests.swift */,
			);
			path = ScrumdingerUITests;
			sourceTree = "<group>";
		};
		83966F842709DBFB000E7EBC /* Models */ = {
			isa = PBXGroup;
			children = (
				83F7D0BB270B573A00CEE66A /* ScrumTimer.swift */,
				83966F852709DC52000E7EBC /* Color+Codable.swift */,
				83966F7D2709D140000E7EBC /* DailyScrum.swift */,
			);
			path = Models;
			sourceTree = "<group>";
		};
/* End PBXGroup section */

/* Begin PBXNativeTarget section */
		83966F4F27086AD0000E7EBC /* Scrumdinger */ = {
			isa = PBXNativeTarget;
			buildConfigurationList = 83966F7427086AD1000E7EBC /* Build configuration list for PBXNativeTarget "Scrumdinger" */;
			buildPhases = (
				83966F4C27086AD0000E7EBC /* Sources */,
				83966F4D27086AD0000E7EBC /* Frameworks */,
				83966F4E27086AD0000E7EBC /* Resources */,
			);
			buildRules = (
			);
			dependencies = (
			);
			name = Scrumdinger;
			productName = Scrumdinger;
			productReference = 83966F5027086AD0000E7EBC /* Scrumdinger.app */;
			productType = "com.apple.product-type.application";
		};
		83966F5F27086AD1000E7EBC /* ScrumdingerTests */ = {
			isa = PBXNativeTarget;
			buildConfigurationList = 83966F7727086AD1000E7EBC /* Build configuration list for PBXNativeTarget "ScrumdingerTests" */;
			buildPhases = (
				83966F5C27086AD1000E7EBC /* Sources */,
				83966F5D27086AD1000E7EBC /* Frameworks */,
				83966F5E27086AD1000E7EBC /* Resources */,
			);
			buildRules = (
			);
			dependencies = (
				83966F6227086AD1000E7EBC /* PBXTargetDependency */,
			);
			name = ScrumdingerTests;
			productName = ScrumdingerTests;
			productReference = 83966F6027086AD1000E7EBC /* ScrumdingerTests.xctest */;
			productType = "com.apple.product-type.bundle.unit-test";
		};
		83966F6927086AD1000E7EBC /* ScrumdingerUITests */ = {
			isa = PBXNativeTarget;
			buildConfigurationList = 83966F7A27086AD1000E7EBC /* Build configuration list for PBXNativeTarget "ScrumdingerUITests" */;
			buildPhases = (
				83966F6627086AD1000E7EBC /* Sources */,
				83966F6727086AD1000E7EBC /* Frameworks */,
				83966F6827086AD1000E7EBC /* Resources */,
			);
			buildRules = (
			);
			dependencies = (
				83966F6C27086AD1000E7EBC /* PBXTargetDependency */,
			);
			name = ScrumdingerUITests;
			productName = ScrumdingerUITests;
			productReference = 83966F6A27086AD1000E7EBC /* ScrumdingerUITests.xctest */;
			productType = "com.apple.product-type.bundle.ui-testing";
		};
/* End PBXNativeTarget section */

/* Begin PBXProject section */
		83966F4827086AD0000E7EBC /* Project object */ = {
			isa = PBXProject;
			attributes = {
				BuildIndependentTargetsInParallel = 1;
				LastSwiftUpdateCheck = 1300;
				LastUpgradeCheck = 1300;
				TargetAttributes = {
					83966F4F27086AD0000E7EBC = {
						CreatedOnToolsVersion = 13.0;
					};
					83966F5F27086AD1000E7EBC = {
						CreatedOnToolsVersion = 13.0;
						TestTargetID = 83966F4F27086AD0000E7EBC;
					};
					83966F6927086AD1000E7EBC = {
						CreatedOnToolsVersion = 13.0;
						TestTargetID = 83966F4F27086AD0000E7EBC;
					};
				};
			};
			buildConfigurationList = 83966F4B27086AD0000E7EBC /* Build configuration list for PBXProject "Scrumdinger" */;
			compatibilityVersion = "Xcode 13.0";
			developmentRegion = en;
			hasScannedForEncodings = 0;
			knownRegions = (
				en,
				Base,
			);
			mainGroup = 83966F4727086AD0000E7EBC;
			productRefGroup = 83966F5127086AD0000E7EBC /* Products */;
			projectDirPath = "";
			projectRoot = "";
			targets = (
				83966F4F27086AD0000E7EBC /* Scrumdinger */,
				83966F5F27086AD1000E7EBC /* ScrumdingerTests */,
				83966F6927086AD1000E7EBC /* ScrumdingerUITests */,
			);
		};
/* End PBXProject section */

/* Begin PBXResourcesBuildPhase section */
		83966F4E27086AD0000E7EBC /* Resources */ = {
			isa = PBXResourcesBuildPhase;
			buildActionMask = 2147483647;
			files = (
				83966F5B27086AD1000E7EBC /* Preview Assets.xcassets in Resources */,
				83966F5827086AD1000E7EBC /* Assets.xcassets in Resources */,
			);
			runOnlyForDeploymentPostprocessing = 0;
		};
		83966F5E27086AD1000E7EBC /* Resources */ = {
			isa = PBXResourcesBuildPhase;
			buildActionMask = 2147483647;
			files = (
			);
			runOnlyForDeploymentPostprocessing = 0;
		};
		83966F6827086AD1000E7EBC /* Resources */ = {
			isa = PBXResourcesBuildPhase;
			buildActionMask = 2147483647;
			files = (
			);
			runOnlyForDeploymentPostprocessing = 0;
		};
/* End PBXResourcesBuildPhase section */

/* Begin PBXSourcesBuildPhase section */
		83966F4C27086AD0000E7EBC /* Sources */ = {
			isa = PBXSourcesBuildPhase;
			buildActionMask = 2147483647;
			files = (
				83966F5627086AD0000E7EBC /* MeetingView.swift in Sources */,
				83966F882709EDC3000E7EBC /* ScrumsView.swift in Sources */,
				83101B6D270A16E5007D089E /* EditView.swift in Sources */,
				83101B6F270A3EFD007D089E /* MeetingHeaderView.swift in Sources */,
				83966F7E2709D140000E7EBC /* DailyScrum.swift in Sources */,
				83F7D0BE270B5C1F00CEE66A /* MeetingFooterView.swift in Sources */,
				83966F8A270A05CD000E7EBC /* DetailView.swift in Sources */,
				83F7D0BC270B573A00CEE66A /* ScrumTimer.swift in Sources */,
				83966F802709D58C000E7EBC /* CardView.swift in Sources */,
				83966F862709DC52000E7EBC /* Color+Codable.swift in Sources */,
				83F7D0BA270B4F8600CEE66A /* ScrumProgressViewStyle.swift in Sources */,
				83966F5427086AD0000E7EBC /* ScrumdingerApp.swift in Sources */,
			);
			runOnlyForDeploymentPostprocessing = 0;
		};
		83966F5C27086AD1000E7EBC /* Sources */ = {
			isa = PBXSourcesBuildPhase;
			buildActionMask = 2147483647;
			files = (
				83966F6527086AD1000E7EBC /* ScrumdingerTests.swift in Sources */,
			);
			runOnlyForDeploymentPostprocessing = 0;
		};
		83966F6627086AD1000E7EBC /* Sources */ = {
			isa = PBXSourcesBuildPhase;
			buildActionMask = 2147483647;
			files = (
				83966F7127086AD1000E7EBC /* ScrumdingerUITestsLaunchTests.swift in Sources */,
				83966F6F27086AD1000E7EBC /* ScrumdingerUITests.swift in Sources */,
			);
			runOnlyForDeploymentPostprocessing = 0;
		};
/* End PBXSourcesBuildPhase section */

/* Begin PBXTargetDependency section */
		83966F6227086AD1000E7EBC /* PBXTargetDependency */ = {
			isa = PBXTargetDependency;
			target = 83966F4F27086AD0000E7EBC /* Scrumdinger */;
			targetProxy = 83966F6127086AD1000E7EBC /* PBXContainerItemProxy */;
		};
		83966F6C27086AD1000E7EBC /* PBXTargetDependency */ = {
			isa = PBXTargetDependency;
			target = 83966F4F27086AD0000E7EBC /* Scrumdinger */;
			targetProxy = 83966F6B27086AD1000E7EBC /* PBXContainerItemProxy */;
		};
/* End PBXTargetDependency section */

/* Begin XCBuildConfiguration section */
		83966F7227086AD1000E7EBC /* Debug */ = {
			isa = XCBuildConfiguration;
			buildSettings = {
				ALWAYS_SEARCH_USER_PATHS = NO;
				CLANG_ANALYZER_NONNULL = YES;
				CLANG_ANALYZER_NUMBER_OBJECT_CONVERSION = YES_AGGRESSIVE;
				CLANG_CXX_LANGUAGE_STANDARD = "gnu++17";
				CLANG_CXX_LIBRARY = "libc++";
				CLANG_ENABLE_MODULES = YES;
				CLANG_ENABLE_OBJC_ARC = YES;
				CLANG_ENABLE_OBJC_WEAK = YES;
				CLANG_WARN_BLOCK_CAPTURE_AUTORELEASING = YES;
				CLANG_WARN_BOOL_CONVERSION = YES;
				CLANG_WARN_COMMA = YES;
				CLANG_WARN_CONSTANT_CONVERSION = YES;
				CLANG_WARN_DEPRECATED_OBJC_IMPLEMENTATIONS = YES;
				CLANG_WARN_DIRECT_OBJC_ISA_USAGE = YES_ERROR;
				CLANG_WARN_DOCUMENTATION_COMMENTS = YES;
				CLANG_WARN_EMPTY_BODY = YES;
				CLANG_WARN_ENUM_CONVERSION = YES;
				CLANG_WARN_INFINITE_RECURSION = YES;
				CLANG_WARN_INT_CONVERSION = YES;
				CLANG_WARN_NON_LITERAL_NULL_CONVERSION = YES;
				CLANG_WARN_OBJC_IMPLICIT_RETAIN_SELF = YES;
				CLANG_WARN_OBJC_LITERAL_CONVERSION = YES;
				CLANG_WARN_OBJC_ROOT_CLASS = YES_ERROR;
				CLANG_WARN_QUOTED_INCLUDE_IN_FRAMEWORK_HEADER = YES;
				CLANG_WARN_RANGE_LOOP_ANALYSIS = YES;
				CLANG_WARN_STRICT_PROTOTYPES = YES;
				CLANG_WARN_SUSPICIOUS_MOVE = YES;
				CLANG_WARN_UNGUARDED_AVAILABILITY = YES_AGGRESSIVE;
				CLANG_WARN_UNREACHABLE_CODE = YES;
				CLANG_WARN__DUPLICATE_METHOD_MATCH = YES;
				COPY_PHASE_STRIP = NO;
				DEBUG_INFORMATION_FORMAT = dwarf;
				ENABLE_STRICT_OBJC_MSGSEND = YES;
				ENABLE_TESTABILITY = YES;
				GCC_C_LANGUAGE_STANDARD = gnu11;
				GCC_DYNAMIC_NO_PIC = NO;
				GCC_NO_COMMON_BLOCKS = YES;
				GCC_OPTIMIZATION_LEVEL = 0;
				GCC_PREPROCESSOR_DEFINITIONS = (
					"DEBUG=1",
					"$(inherited)",
				);
				GCC_WARN_64_TO_32_BIT_CONVERSION = YES;
				GCC_WARN_ABOUT_RETURN_TYPE = YES_ERROR;
				GCC_WARN_UNDECLARED_SELECTOR = YES;
				GCC_WARN_UNINITIALIZED_AUTOS = YES_AGGRESSIVE;
				GCC_WARN_UNUSED_FUNCTION = YES;
				GCC_WARN_UNUSED_VARIABLE = YES;
				IPHONEOS_DEPLOYMENT_TARGET = 15.0;
				MTL_ENABLE_DEBUG_INFO = INCLUDE_SOURCE;
				MTL_FAST_MATH = YES;
				ONLY_ACTIVE_ARCH = YES;
				SDKROOT = iphoneos;
				SWIFT_ACTIVE_COMPILATION_CONDITIONS = DEBUG;
				SWIFT_OPTIMIZATION_LEVEL = "-Onone";
			};
			name = Debug;
		};
		83966F7327086AD1000E7EBC /* Release */ = {
			isa = XCBuildConfiguration;
			buildSettings = {
				ALWAYS_SEARCH_USER_PATHS = NO;
				CLANG_ANALYZER_NONNULL = YES;
				CLANG_ANALYZER_NUMBER_OBJECT_CONVERSION = YES_AGGRESSIVE;
				CLANG_CXX_LANGUAGE_STANDARD = "gnu++17";
				CLANG_CXX_LIBRARY = "libc++";
				CLANG_ENABLE_MODULES = YES;
				CLANG_ENABLE_OBJC_ARC = YES;
				CLANG_ENABLE_OBJC_WEAK = YES;
				CLANG_WARN_BLOCK_CAPTURE_AUTORELEASING = YES;
				CLANG_WARN_BOOL_CONVERSION = YES;
				CLANG_WARN_COMMA = YES;
				CLANG_WARN_CONSTANT_CONVERSION = YES;
				CLANG_WARN_DEPRECATED_OBJC_IMPLEMENTATIONS = YES;
				CLANG_WARN_DIRECT_OBJC_ISA_USAGE = YES_ERROR;
				CLANG_WARN_DOCUMENTATION_COMMENTS = YES;
				CLANG_WARN_EMPTY_BODY = YES;
				CLANG_WARN_ENUM_CONVERSION = YES;
				CLANG_WARN_INFINITE_RECURSION = YES;
				CLANG_WARN_INT_CONVERSION = YES;
				CLANG_WARN_NON_LITERAL_NULL_CONVERSION = YES;
				CLANG_WARN_OBJC_IMPLICIT_RETAIN_SELF = YES;
				CLANG_WARN_OBJC_LITERAL_CONVERSION = YES;
				CLANG_WARN_OBJC_ROOT_CLASS = YES_ERROR;
				CLANG_WARN_QUOTED_INCLUDE_IN_FRAMEWORK_HEADER = YES;
				CLANG_WARN_RANGE_LOOP_ANALYSIS = YES;
				CLANG_WARN_STRICT_PROTOTYPES = YES;
				CLANG_WARN_SUSPICIOUS_MOVE = YES;
				CLANG_WARN_UNGUARDED_AVAILABILITY = YES_AGGRESSIVE;
				CLANG_WARN_UNREACHABLE_CODE = YES;
				CLANG_WARN__DUPLICATE_METHOD_MATCH = YES;
				COPY_PHASE_STRIP = NO;
				DEBUG_INFORMATION_FORMAT = "dwarf-with-dsym";
				ENABLE_NS_ASSERTIONS = NO;
				ENABLE_STRICT_OBJC_MSGSEND = YES;
				GCC_C_LANGUAGE_STANDARD = gnu11;
				GCC_NO_COMMON_BLOCKS = YES;
				GCC_WARN_64_TO_32_BIT_CONVERSION = YES;
				GCC_WARN_ABOUT_RETURN_TYPE = YES_ERROR;
				GCC_WARN_UNDECLARED_SELECTOR = YES;
				GCC_WARN_UNINITIALIZED_AUTOS = YES_AGGRESSIVE;
				GCC_WARN_UNUSED_FUNCTION = YES;
				GCC_WARN_UNUSED_VARIABLE = YES;
				IPHONEOS_DEPLOYMENT_TARGET = 15.0;
				MTL_ENABLE_DEBUG_INFO = NO;
				MTL_FAST_MATH = YES;
				SDKROOT = iphoneos;
				SWIFT_COMPILATION_MODE = wholemodule;
				SWIFT_OPTIMIZATION_LEVEL = "-O";
				VALIDATE_PRODUCT = YES;
			};
			name = Release;
		};
		83966F7527086AD1000E7EBC /* Debug */ = {
			isa = XCBuildConfiguration;
			buildSettings = {
				ASSETCATALOG_COMPILER_APPICON_NAME = AppIcon;
				ASSETCATALOG_COMPILER_GLOBAL_ACCENT_COLOR_NAME = AccentColor;
				CODE_SIGN_STYLE = Automatic;
				CURRENT_PROJECT_VERSION = 1;
				DEVELOPMENT_ASSET_PATHS = "\"Scrumdinger/Preview Content\"";
				DEVELOPMENT_TEAM = 9T859BAU6C;
				ENABLE_PREVIEWS = YES;
				GENERATE_INFOPLIST_FILE = YES;
				INFOPLIST_KEY_UIApplicationSceneManifest_Generation = YES;
				INFOPLIST_KEY_UIApplicationSupportsIndirectInputEvents = YES;
				INFOPLIST_KEY_UILaunchScreen_Generation = YES;
				INFOPLIST_KEY_UISupportedInterfaceOrientations_iPad = "UIInterfaceOrientationPortrait UIInterfaceOrientationPortraitUpsideDown UIInterfaceOrientationLandscapeLeft UIInterfaceOrientationLandscapeRight";
				INFOPLIST_KEY_UISupportedInterfaceOrientations_iPhone = "UIInterfaceOrientationPortrait UIInterfaceOrientationLandscapeLeft UIInterfaceOrientationLandscapeRight";
				IPHONEOS_DEPLOYMENT_TARGET = 14.0;
				LD_RUNPATH_SEARCH_PATHS = (
					"$(inherited)",
					"@executable_path/Frameworks",
				);
				MARKETING_VERSION = 1.0;
				PRODUCT_BUNDLE_IDENTIFIER = qpubert.Scrumdinger;
				PRODUCT_NAME = "$(TARGET_NAME)";
				SWIFT_EMIT_LOC_STRINGS = YES;
				SWIFT_VERSION = 5.0;
				TARGETED_DEVICE_FAMILY = "1,2";
			};
			name = Debug;
		};
		83966F7627086AD1000E7EBC /* Release */ = {
			isa = XCBuildConfiguration;
			buildSettings = {
				ASSETCATALOG_COMPILER_APPICON_NAME = AppIcon;
				ASSETCATALOG_COMPILER_GLOBAL_ACCENT_COLOR_NAME = AccentColor;
				CODE_SIGN_STYLE = Automatic;
				CURRENT_PROJECT_VERSION = 1;
				DEVELOPMENT_ASSET_PATHS = "\"Scrumdinger/Preview Content\"";
				DEVELOPMENT_TEAM = 9T859BAU6C;
				ENABLE_PREVIEWS = YES;
				GENERATE_INFOPLIST_FILE = YES;
				INFOPLIST_KEY_UIApplicationSceneManifest_Generation = YES;
				INFOPLIST_KEY_UIApplicationSupportsIndirectInputEvents = YES;
				INFOPLIST_KEY_UILaunchScreen_Generation = YES;
				INFOPLIST_KEY_UISupportedInterfaceOrientations_iPad = "UIInterfaceOrientationPortrait UIInterfaceOrientationPortraitUpsideDown UIInterfaceOrientationLandscapeLeft UIInterfaceOrientationLandscapeRight";
				INFOPLIST_KEY_UISupportedInterfaceOrientations_iPhone = "UIInterfaceOrientationPortrait UIInterfaceOrientationLandscapeLeft UIInterfaceOrientationLandscapeRight";
				IPHONEOS_DEPLOYMENT_TARGET = 14.0;
				LD_RUNPATH_SEARCH_PATHS = (
					"$(inherited)",
					"@executable_path/Frameworks",
				);
				MARKETING_VERSION = 1.0;
				PRODUCT_BUNDLE_IDENTIFIER = qpubert.Scrumdinger;
				PRODUCT_NAME = "$(TARGET_NAME)";
				SWIFT_EMIT_LOC_STRINGS = YES;
				SWIFT_VERSION = 5.0;
				TARGETED_DEVICE_FAMILY = "1,2";
			};
			name = Release;
		};
		83966F7827086AD1000E7EBC /* Debug */ = {
			isa = XCBuildConfiguration;
			buildSettings = {
				ALWAYS_EMBED_SWIFT_STANDARD_LIBRARIES = YES;
				BUNDLE_LOADER = "$(TEST_HOST)";
				CODE_SIGN_STYLE = Automatic;
				CURRENT_PROJECT_VERSION = 1;
				DEVELOPMENT_TEAM = 9T859BAU6C;
				GENERATE_INFOPLIST_FILE = YES;
				IPHONEOS_DEPLOYMENT_TARGET = 14.0;
				LD_RUNPATH_SEARCH_PATHS = (
					"$(inherited)",
					"@executable_path/Frameworks",
					"@loader_path/Frameworks",
				);
				MARKETING_VERSION = 1.0;
				PRODUCT_BUNDLE_IDENTIFIER = qpubert.ScrumdingerTests;
				PRODUCT_NAME = "$(TARGET_NAME)";
				SWIFT_EMIT_LOC_STRINGS = NO;
				SWIFT_VERSION = 5.0;
				TARGETED_DEVICE_FAMILY = "1,2";
				TEST_HOST = "$(BUILT_PRODUCTS_DIR)/Scrumdinger.app/Scrumdinger";
			};
			name = Debug;
		};
		83966F7927086AD1000E7EBC /* Release */ = {
			isa = XCBuildConfiguration;
			buildSettings = {
				ALWAYS_EMBED_SWIFT_STANDARD_LIBRARIES = YES;
				BUNDLE_LOADER = "$(TEST_HOST)";
				CODE_SIGN_STYLE = Automatic;
				CURRENT_PROJECT_VERSION = 1;
				DEVELOPMENT_TEAM = 9T859BAU6C;
				GENERATE_INFOPLIST_FILE = YES;
				IPHONEOS_DEPLOYMENT_TARGET = 14.0;
				LD_RUNPATH_SEARCH_PATHS = (
					"$(inherited)",
					"@executable_path/Frameworks",
					"@loader_path/Frameworks",
				);
				MARKETING_VERSION = 1.0;
				PRODUCT_BUNDLE_IDENTIFIER = qpubert.ScrumdingerTests;
				PRODUCT_NAME = "$(TARGET_NAME)";
				SWIFT_EMIT_LOC_STRINGS = NO;
				SWIFT_VERSION = 5.0;
				TARGETED_DEVICE_FAMILY = "1,2";
				TEST_HOST = "$(BUILT_PRODUCTS_DIR)/Scrumdinger.app/Scrumdinger";
			};
			name = Release;
		};
		83966F7B27086AD1000E7EBC /* Debug */ = {
			isa = XCBuildConfiguration;
			buildSettings = {
				ALWAYS_EMBED_SWIFT_STANDARD_LIBRARIES = YES;
				CODE_SIGN_STYLE = Automatic;
				CURRENT_PROJECT_VERSION = 1;
				DEVELOPMENT_TEAM = 9T859BAU6C;
				GENERATE_INFOPLIST_FILE = YES;
				LD_RUNPATH_SEARCH_PATHS = (
					"$(inherited)",
					"@executable_path/Frameworks",
					"@loader_path/Frameworks",
				);
				MARKETING_VERSION = 1.0;
				PRODUCT_BUNDLE_IDENTIFIER = qpubert.ScrumdingerUITests;
				PRODUCT_NAME = "$(TARGET_NAME)";
				SWIFT_EMIT_LOC_STRINGS = NO;
				SWIFT_VERSION = 5.0;
				TARGETED_DEVICE_FAMILY = "1,2";
				TEST_TARGET_NAME = Scrumdinger;
			};
			name = Debug;
		};
		83966F7C27086AD1000E7EBC /* Release */ = {
			isa = XCBuildConfiguration;
			buildSettings = {
				ALWAYS_EMBED_SWIFT_STANDARD_LIBRARIES = YES;
				CODE_SIGN_STYLE = Automatic;
				CURRENT_PROJECT_VERSION = 1;
				DEVELOPMENT_TEAM = 9T859BAU6C;
				GENERATE_INFOPLIST_FILE = YES;
				LD_RUNPATH_SEARCH_PATHS = (
					"$(inherited)",
					"@executable_path/Frameworks",
					"@loader_path/Frameworks",
				);
				MARKETING_VERSION = 1.0;
				PRODUCT_BUNDLE_IDENTIFIER = qpubert.ScrumdingerUITests;
				PRODUCT_NAME = "$(TARGET_NAME)";
				SWIFT_EMIT_LOC_STRINGS = NO;
				SWIFT_VERSION = 5.0;
				TARGETED_DEVICE_FAMILY = "1,2";
				TEST_TARGET_NAME = Scrumdinger;
			};
			name = Release;
		};
/* End XCBuildConfiguration section */

/* Begin XCConfigurationList section */
		83966F4B27086AD0000E7EBC /* Build configuration list for PBXProject "Scrumdinger" */ = {
			isa = XCConfigurationList;
			buildConfigurations = (
				83966F7227086AD1000E7EBC /* Debug */,
				83966F7327086AD1000E7EBC /* Release */,
			);
			defaultConfigurationIsVisible = 0;
			defaultConfigurationName = Release;
		};
		83966F7427086AD1000E7EBC /* Build configuration list for PBXNativeTarget "Scrumdinger" */ = {
			isa = XCConfigurationList;
			buildConfigurations = (
				83966F7527086AD1000E7EBC /* Debug */,
				83966F7627086AD1000E7EBC /* Release */,
			);
			defaultConfigurationIsVisible = 0;
			defaultConfigurationName = Release;
		};
		83966F7727086AD1000E7EBC /* Build configuration list for PBXNativeTarget "ScrumdingerTests" */ = {
			isa = XCConfigurationList;
			buildConfigurations = (
				83966F7827086AD1000E7EBC /* Debug */,
				83966F7927086AD1000E7EBC /* Release */,
			);
			defaultConfigurationIsVisible = 0;
			defaultConfigurationName = Release;
		};
		83966F7A27086AD1000E7EBC /* Build configuration list for PBXNativeTarget "ScrumdingerUITests" */ = {
			isa = XCConfigurationList;
			buildConfigurations = (
				83966F7B27086AD1000E7EBC /* Debug */,
				83966F7C27086AD1000E7EBC /* Release */,
			);
			defaultConfigurationIsVisible = 0;
			defaultConfigurationName = Release;
		};
/* End XCConfigurationList section */
	};
	rootObject = 83966F4827086AD0000E7EBC /* Project object */;
}
